// !$*UTF8*$!
{
	archiveVersion = 1;
	classes = {
	};
	objectVersion = 48;
	objects = {

/* Begin PBXBuildFile section */
		9A3A9B711FBA8C5E009CF2AF /* AppDelegate.m in Sources */ = {isa = PBXBuildFile; fileRef = 9A3A9B701FBA8C5E009CF2AF /* AppDelegate.m */; };
		9A3A9B741FBA8C5E009CF2AF /* Home.m in Sources */ = {isa = PBXBuildFile; fileRef = 9A3A9B731FBA8C5E009CF2AF /* Home.m */; };
		9A3A9B771FBA8C5E009CF2AF /* Main.storyboard in Resources */ = {isa = PBXBuildFile; fileRef = 9A3A9B751FBA8C5E009CF2AF /* Main.storyboard */; };
		9A3A9B7A1FBA8C5E009CF2AF /* otraTabla.xcdatamodeld in Sources */ = {isa = PBXBuildFile; fileRef = 9A3A9B781FBA8C5E009CF2AF /* otraTabla.xcdatamodeld */; };
		9A3A9B7C1FBA8C5E009CF2AF /* Assets.xcassets in Resources */ = {isa = PBXBuildFile; fileRef = 9A3A9B7B1FBA8C5E009CF2AF /* Assets.xcassets */; };
		9A3A9B7F1FBA8C5E009CF2AF /* LaunchScreen.storyboard in Resources */ = {isa = PBXBuildFile; fileRef = 9A3A9B7D1FBA8C5E009CF2AF /* LaunchScreen.storyboard */; };
		9A3A9B821FBA8C5E009CF2AF /* main.m in Sources */ = {isa = PBXBuildFile; fileRef = 9A3A9B811FBA8C5E009CF2AF /* main.m */; };
		9A3A9B8F1FBA92F9009CF2AF /* cellMainTable.m in Sources */ = {isa = PBXBuildFile; fileRef = 9A3A9B8D1FBA92F9009CF2AF /* cellMainTable.m */; };
		9A3A9B901FBA92F9009CF2AF /* cellMainTable.xib in Resources */ = {isa = PBXBuildFile; fileRef = 9A3A9B8E1FBA92F9009CF2AF /* cellMainTable.xib */; };
		9A3A9B9A1FBA971A009CF2AF /* zapAzul.jpg in Resources */ = {isa = PBXBuildFile; fileRef = 9A3A9B921FBA971A009CF2AF /* zapAzul.jpg */; };
		9A3A9B9B1FBA971A009CF2AF /* zapblanco.jpg in Resources */ = {isa = PBXBuildFile; fileRef = 9A3A9B931FBA971A009CF2AF /* zapblanco.jpg */; };
		9A3A9B9C1FBA971A009CF2AF /* zapdorado.jpg in Resources */ = {isa = PBXBuildFile; fileRef = 9A3A9B941FBA971A009CF2AF /* zapdorado.jpg */; };
		9A3A9B9D1FBA971A009CF2AF /* zapExcentrico.jpg in Resources */ = {isa = PBXBuildFile; fileRef = 9A3A9B951FBA971A009CF2AF /* zapExcentrico.jpg */; };
		9A3A9B9E1FBA971A009CF2AF /* zapNegro.jpg in Resources */ = {isa = PBXBuildFile; fileRef = 9A3A9B961FBA971A009CF2AF /* zapNegro.jpg */; };
		9A3A9B9F1FBA971A009CF2AF /* zapRojo.jpg in Resources */ = {isa = PBXBuildFile; fileRef = 9A3A9B971FBA971A009CF2AF /* zapRojo.jpg */; };
		9A3A9BA01FBA971A009CF2AF /* zapRosa.jpg in Resources */ = {isa = PBXBuildFile; fileRef = 9A3A9B981FBA971A009CF2AF /* zapRosa.jpg */; };
		9A3A9BA11FBA971A009CF2AF /* ZapRosaBlanco.jpg in Resources */ = {isa = PBXBuildFile; fileRef = 9A3A9B991FBA971A009CF2AF /* ZapRosaBlanco.jpg */; };
		9A6E67A81FBBEF340025C711 /* ViewDetails.m in Sources */ = {isa = PBXBuildFile; fileRef = 9A6E67A71FBBEF340025C711 /* ViewDetails.m */; };
/* End PBXBuildFile section */

/* Begin PBXFileReference section */
		9A3A9B6C1FBA8C5E009CF2AF /* otraTabla.app */ = {isa = PBXFileReference; explicitFileType = wrapper.application; includeInIndex = 0; path = otraTabla.app; sourceTree = BUILT_PRODUCTS_DIR; };
		9A3A9B6F1FBA8C5E009CF2AF /* AppDelegate.h */ = {isa = PBXFileReference; lastKnownFileType = sourcecode.c.h; path = AppDelegate.h; sourceTree = "<group>"; };
		9A3A9B701FBA8C5E009CF2AF /* AppDelegate.m */ = {isa = PBXFileReference; lastKnownFileType = sourcecode.c.objc; path = AppDelegate.m; sourceTree = "<group>"; };
		9A3A9B721FBA8C5E009CF2AF /* Home.h */ = {isa = PBXFileReference; lastKnownFileType = sourcecode.c.h; path = Home.h; sourceTree = "<group>"; };
		9A3A9B731FBA8C5E009CF2AF /* Home.m */ = {isa = PBXFileReference; lastKnownFileType = sourcecode.c.objc; path = Home.m; sourceTree = "<group>"; };
		9A3A9B761FBA8C5E009CF2AF /* Base */ = {isa = PBXFileReference; lastKnownFileType = file.storyboard; name = Base; path = Base.lproj/Main.storyboard; sourceTree = "<group>"; };
		9A3A9B791FBA8C5E009CF2AF /* otraTabla.xcdatamodel */ = {isa = PBXFileReference; lastKnownFileType = wrapper.xcdatamodel; path = otraTabla.xcdatamodel; sourceTree = "<group>"; };
		9A3A9B7B1FBA8C5E009CF2AF /* Assets.xcassets */ = {isa = PBXFileReference; lastKnownFileType = folder.assetcatalog; path = Assets.xcassets; sourceTree = "<group>"; };
		9A3A9B7E1FBA8C5E009CF2AF /* Base */ = {isa = PBXFileReference; lastKnownFileType = file.storyboard; name = Base; path = Base.lproj/LaunchScreen.storyboard; sourceTree = "<group>"; };
		9A3A9B801FBA8C5E009CF2AF /* Info.plist */ = {isa = PBXFileReference; lastKnownFileType = text.plist.xml; path = Info.plist; sourceTree = "<group>"; };
		9A3A9B811FBA8C5E009CF2AF /* main.m */ = {isa = PBXFileReference; lastKnownFileType = sourcecode.c.objc; path = main.m; sourceTree = "<group>"; };
		9A3A9B8C1FBA92F9009CF2AF /* cellMainTable.h */ = {isa = PBXFileReference; lastKnownFileType = sourcecode.c.h; path = cellMainTable.h; sourceTree = "<group>"; };
		9A3A9B8D1FBA92F9009CF2AF /* cellMainTable.m */ = {isa = PBXFileReference; lastKnownFileType = sourcecode.c.objc; path = cellMainTable.m; sourceTree = "<group>"; };
		9A3A9B8E1FBA92F9009CF2AF /* cellMainTable.xib */ = {isa = PBXFileReference; lastKnownFileType = file.xib; path = cellMainTable.xib; sourceTree = "<group>"; };
		9A3A9B921FBA971A009CF2AF /* zapAzul.jpg */ = {isa = PBXFileReference; lastKnownFileType = image.jpeg; path = zapAzul.jpg; sourceTree = "<group>"; };
		9A3A9B931FBA971A009CF2AF /* zapblanco.jpg */ = {isa = PBXFileReference; lastKnownFileType = image.jpeg; path = zapblanco.jpg; sourceTree = "<group>"; };
		9A3A9B941FBA971A009CF2AF /* zapdorado.jpg */ = {isa = PBXFileReference; lastKnownFileType = image.jpeg; path = zapdorado.jpg; sourceTree = "<group>"; };
		9A3A9B951FBA971A009CF2AF /* zapExcentrico.jpg */ = {isa = PBXFileReference; lastKnownFileType = image.jpeg; path = zapExcentrico.jpg; sourceTree = "<group>"; };
		9A3A9B961FBA971A009CF2AF /* zapNegro.jpg */ = {isa = PBXFileReference; lastKnownFileType = image.jpeg; path = zapNegro.jpg; sourceTree = "<group>"; };
		9A3A9B971FBA971A009CF2AF /* zapRojo.jpg */ = {isa = PBXFileReference; lastKnownFileType = image.jpeg; path = zapRojo.jpg; sourceTree = "<group>"; };
		9A3A9B981FBA971A009CF2AF /* zapRosa.jpg */ = {isa = PBXFileReference; lastKnownFileType = image.jpeg; path = zapRosa.jpg; sourceTree = "<group>"; };
		9A3A9B991FBA971A009CF2AF /* ZapRosaBlanco.jpg */ = {isa = PBXFileReference; lastKnownFileType = image.jpeg; path = ZapRosaBlanco.jpg; sourceTree = "<group>"; };
		9A6E67A61FBBEF340025C711 /* ViewDetails.h */ = {isa = PBXFileReference; lastKnownFileType = sourcecode.c.h; path = ViewDetails.h; sourceTree = "<group>"; };
		9A6E67A71FBBEF340025C711 /* ViewDetails.m */ = {isa = PBXFileReference; lastKnownFileType = sourcecode.c.objc; path = ViewDetails.m; sourceTree = "<group>"; };
/* End PBXFileReference section */

/* Begin PBXFrameworksBuildPhase section */
		9A3A9B691FBA8C5E009CF2AF /* Frameworks */ = {
			isa = PBXFrameworksBuildPhase;
			buildActionMask = 2147483647;
			files = (
			);
			runOnlyForDeploymentPostprocessing = 0;
		};
/* End PBXFrameworksBuildPhase section */

/* Begin PBXGroup section */
		9A3A9B631FBA8C5E009CF2AF = {
			isa = PBXGroup;
			children = (
				9A3A9B6E1FBA8C5E009CF2AF /* otraTabla */,
				9A3A9B6D1FBA8C5E009CF2AF /* Products */,
			);
			sourceTree = "<group>";
		};
		9A3A9B6D1FBA8C5E009CF2AF /* Products */ = {
			isa = PBXGroup;
			children = (
				9A3A9B6C1FBA8C5E009CF2AF /* otraTabla.app */,
			);
			name = Products;
			sourceTree = "<group>";
		};
		9A3A9B6E1FBA8C5E009CF2AF /* otraTabla */ = {
			isa = PBXGroup;
			children = (
				9A3A9B911FBA971A009CF2AF /* imgShoes */,
				9A3A9B8B1FBA9208009CF2AF /* Cells */,
				9A3A9B8A1FBA8C9A009CF2AF /* Main */,
				9A3A9B891FBA8C92009CF2AF /* Controllers */,
				9A3A9B751FBA8C5E009CF2AF /* Main.storyboard */,
				9A3A9B7B1FBA8C5E009CF2AF /* Assets.xcassets */,
				9A3A9B7D1FBA8C5E009CF2AF /* LaunchScreen.storyboard */,
				9A3A9B801FBA8C5E009CF2AF /* Info.plist */,
				9A3A9B811FBA8C5E009CF2AF /* main.m */,
				9A3A9B781FBA8C5E009CF2AF /* otraTabla.xcdatamodeld */,
			);
			path = otraTabla;
			sourceTree = "<group>";
		};
		9A3A9B891FBA8C92009CF2AF /* Controllers */ = {
			isa = PBXGroup;
			children = (
				9A3A9B721FBA8C5E009CF2AF /* Home.h */,
				9A3A9B731FBA8C5E009CF2AF /* Home.m */,
				9A6E67A61FBBEF340025C711 /* ViewDetails.h */,
				9A6E67A71FBBEF340025C711 /* ViewDetails.m */,
			);
			path = Controllers;
			sourceTree = "<group>";
		};
		9A3A9B8A1FBA8C9A009CF2AF /* Main */ = {
			isa = PBXGroup;
			children = (
				9A3A9B6F1FBA8C5E009CF2AF /* AppDelegate.h */,
				9A3A9B701FBA8C5E009CF2AF /* AppDelegate.m */,
			);
			path = Main;
			sourceTree = "<group>";
		};
		9A3A9B8B1FBA9208009CF2AF /* Cells */ = {
			isa = PBXGroup;
			children = (
				9A3A9B8C1FBA92F9009CF2AF /* cellMainTable.h */,
				9A3A9B8D1FBA92F9009CF2AF /* cellMainTable.m */,
				9A3A9B8E1FBA92F9009CF2AF /* cellMainTable.xib */,
			);
			path = Cells;
			sourceTree = "<group>";
		};
		9A3A9B911FBA971A009CF2AF /* imgShoes */ = {
			isa = PBXGroup;
			children = (
				9A3A9B921FBA971A009CF2AF /* zapAzul.jpg */,
				9A3A9B931FBA971A009CF2AF /* zapblanco.jpg */,
				9A3A9B941FBA971A009CF2AF /* zapdorado.jpg */,
				9A3A9B951FBA971A009CF2AF /* zapExcentrico.jpg */,
				9A3A9B961FBA971A009CF2AF /* zapNegro.jpg */,
				9A3A9B971FBA971A009CF2AF /* zapRojo.jpg */,
				9A3A9B981FBA971A009CF2AF /* zapRosa.jpg */,
				9A3A9B991FBA971A009CF2AF /* ZapRosaBlanco.jpg */,
			);
			name = imgShoes;
			path = ../../../imgShoes;
			sourceTree = "<group>";
		};
/* End PBXGroup section */

/* Begin PBXNativeTarget section */
		9A3A9B6B1FBA8C5E009CF2AF /* otraTabla */ = {
			isa = PBXNativeTarget;
			buildConfigurationList = 9A3A9B851FBA8C5E009CF2AF /* Build configuration list for PBXNativeTarget "otraTabla" */;
			buildPhases = (
				9A3A9B681FBA8C5E009CF2AF /* Sources */,
				9A3A9B691FBA8C5E009CF2AF /* Frameworks */,
				9A3A9B6A1FBA8C5E009CF2AF /* Resources */,
			);
			buildRules = (
			);
			dependencies = (
			);
			name = otraTabla;
			productName = otraTabla;
			productReference = 9A3A9B6C1FBA8C5E009CF2AF /* otraTabla.app */;
			productType = "com.apple.product-type.application";
		};
/* End PBXNativeTarget section */

/* Begin PBXProject section */
		9A3A9B641FBA8C5E009CF2AF /* Project object */ = {
			isa = PBXProject;
			attributes = {
				LastUpgradeCheck = 0910;
				ORGANIZATIONNAME = lybby26;
				TargetAttributes = {
					9A3A9B6B1FBA8C5E009CF2AF = {
						CreatedOnToolsVersion = 9.1;
						ProvisioningStyle = Automatic;
					};
				};
			};
			buildConfigurationList = 9A3A9B671FBA8C5E009CF2AF /* Build configuration list for PBXProject "otraTabla" */;
			compatibilityVersion = "Xcode 8.0";
			developmentRegion = en;
			hasScannedForEncodings = 0;
			knownRegions = (
				en,
				Base,
			);
			mainGroup = 9A3A9B631FBA8C5E009CF2AF;
			productRefGroup = 9A3A9B6D1FBA8C5E009CF2AF /* Products */;
			projectDirPath = "";
			projectRoot = "";
			targets = (
				9A3A9B6B1FBA8C5E009CF2AF /* otraTabla */,
			);
		};
/* End PBXProject section */

/* Begin PBXResourcesBuildPhase section */
		9A3A9B6A1FBA8C5E009CF2AF /* Resources */ = {
			isa = PBXResourcesBuildPhase;
			buildActionMask = 2147483647;
			files = (
				9A3A9B7F1FBA8C5E009CF2AF /* LaunchScreen.storyboard in Resources */,
				9A3A9B9A1FBA971A009CF2AF /* zapAzul.jpg in Resources */,
				9A3A9B9B1FBA971A009CF2AF /* zapblanco.jpg in Resources */,
				9A3A9BA01FBA971A009CF2AF /* zapRosa.jpg in Resources */,
				9A3A9B7C1FBA8C5E009CF2AF /* Assets.xcassets in Resources */,
				9A3A9B9E1FBA971A009CF2AF /* zapNegro.jpg in Resources */,
				9A3A9B9C1FBA971A009CF2AF /* zapdorado.jpg in Resources */,
				9A3A9B771FBA8C5E009CF2AF /* Main.storyboard in Resources */,
				9A3A9B9F1FBA971A009CF2AF /* zapRojo.jpg in Resources */,
				9A3A9B901FBA92F9009CF2AF /* cellMainTable.xib in Resources */,
				9A3A9B9D1FBA971A009CF2AF /* zapExcentrico.jpg in Resources */,
				9A3A9BA11FBA971A009CF2AF /* ZapRosaBlanco.jpg in Resources */,
			);
			runOnlyForDeploymentPostprocessing = 0;
		};
/* End PBXResourcesBuildPhase section */

/* Begin PBXSourcesBuildPhase section */
		9A3A9B681FBA8C5E009CF2AF /* Sources */ = {
			isa = PBXSourcesBuildPhase;
			buildActionMask = 2147483647;
			files = (
				9A3A9B7A1FBA8C5E009CF2AF /* otraTabla.xcdatamodeld in Sources */,
				9A6E67A81FBBEF340025C711 /* ViewDetails.m in Sources */,
				9A3A9B741FBA8C5E009CF2AF /* Home.m in Sources */,
				9A3A9B821FBA8C5E009CF2AF /* main.m in Sources */,
				9A3A9B8F1FBA92F9009CF2AF /* cellMainTable.m in Sources */,
				9A3A9B711FBA8C5E009CF2AF /* AppDelegate.m in Sources */,
			);
			runOnlyForDeploymentPostprocessing = 0;
		};
/* End PBXSourcesBuildPhase section */

/* Begin PBXVariantGroup section */
		9A3A9B751FBA8C5E009CF2AF /* Main.storyboard */ = {
			isa = PBXVariantGroup;
			children = (
				9A3A9B761FBA8C5E009CF2AF /* Base */,
			);
			name = Main.storyboard;
			sourceTree = "<group>";
		};
		9A3A9B7D1FBA8C5E009CF2AF /* LaunchScreen.storyboard */ = {
			isa = PBXVariantGroup;
			children = (
				9A3A9B7E1FBA8C5E009CF2AF /* Base */,
			);
			name = LaunchScreen.storyboard;
			sourceTree = "<group>";
		};
/* End PBXVariantGroup section */

/* Begin XCBuildConfiguration section */
		9A3A9B831FBA8C5E009CF2AF /* Debug */ = {
			isa = XCBuildConfiguration;
			buildSettings = {
				ALWAYS_SEARCH_USER_PATHS = NO;
				CLANG_ANALYZER_NONNULL = YES;
				CLANG_ANALYZER_NUMBER_OBJECT_CONVERSION = YES_AGGRESSIVE;
				CLANG_CXX_LANGUAGE_STANDARD = "gnu++14";
				CLANG_CXX_LIBRARY = "libc++";
				CLANG_ENABLE_MODULES = YES;
				CLANG_ENABLE_OBJC_ARC = YES;
				CLANG_WARN_BLOCK_CAPTURE_AUTORELEASING = YES;
				CLANG_WARN_BOOL_CONVERSION = YES;
				CLANG_WARN_COMMA = YES;
				CLANG_WARN_CONSTANT_CONVERSION = YES;
				CLANG_WARN_DIRECT_OBJC_ISA_USAGE = YES_ERROR;
				CLANG_WARN_DOCUMENTATION_COMMENTS = YES;
				CLANG_WARN_EMPTY_BODY = YES;
				CLANG_WARN_ENUM_CONVERSION = YES;
				CLANG_WARN_INFINITE_RECURSION = YES;
				CLANG_WARN_INT_CONVERSION = YES;
				CLANG_WARN_NON_LITERAL_NULL_CONVERSION = YES;
				CLANG_WARN_OBJC_LITERAL_CONVERSION = YES;
				CLANG_WARN_OBJC_ROOT_CLASS = YES_ERROR;
				CLANG_WARN_RANGE_LOOP_ANALYSIS = YES;
				CLANG_WARN_STRICT_PROTOTYPES = YES;
				CLANG_WARN_SUSPICIOUS_MOVE = YES;
				CLANG_WARN_UNGUARDED_AVAILABILITY = YES_AGGRESSIVE;
				CLANG_WARN_UNREACHABLE_CODE = YES;
				CLANG_WARN__DUPLICATE_METHOD_MATCH = YES;
				CODE_SIGN_IDENTITY = "iPhone Developer";
				COPY_PHASE_STRIP = NO;
				DEBUG_INFORMATION_FORMAT = dwarf;
				ENABLE_STRICT_OBJC_MSGSEND = YES;
				ENABLE_TESTABILITY = YES;
				GCC_C_LANGUAGE_STANDARD = gnu11;
				GCC_DYNAMIC_NO_PIC = NO;
				GCC_NO_COMMON_BLOCKS = YES;
				GCC_OPTIMIZATION_LEVEL = 0;
				GCC_PREPROCESSOR_DEFINITIONS = (
					"DEBUG=1",
					"$(inherited)",
				);
				GCC_WARN_64_TO_32_BIT_CONVERSION = YES;
				GCC_WARN_ABOUT_RETURN_TYPE = YES_ERROR;
				GCC_WARN_UNDECLARED_SELECTOR = YES;
				GCC_WARN_UNINITIALIZED_AUTOS = YES_AGGRESSIVE;
				GCC_WARN_UNUSED_FUNCTION = YES;
				GCC_WARN_UNUSED_VARIABLE = YES;
				IPHONEOS_DEPLOYMENT_TARGET = 11.1;
				MTL_ENABLE_DEBUG_INFO = YES;
				ONLY_ACTIVE_ARCH = YES;
				SDKROOT = iphoneos;
			};
			name = Debug;
		};
		9A3A9B841FBA8C5E009CF2AF /* Release */ = {
			isa = XCBuildConfiguration;
			buildSettings = {
				ALWAYS_SEARCH_USER_PATHS = NO;
				CLANG_ANALYZER_NONNULL = YES;
				CLANG_ANALYZER_NUMBER_OBJECT_CONVERSION = YES_AGGRESSIVE;
				CLANG_CXX_LANGUAGE_STANDARD = "gnu++14";
				CLANG_CXX_LIBRARY = "libc++";
				CLANG_ENABLE_MODULES = YES;
				CLANG_ENABLE_OBJC_ARC = YES;
				CLANG_WARN_BLOCK_CAPTURE_AUTORELEASING = YES;
				CLANG_WARN_BOOL_CONVERSION = YES;
				CLANG_WARN_COMMA = YES;
				CLANG_WARN_CONSTANT_CONVERSION = YES;
				CLANG_WARN_DIRECT_OBJC_ISA_USAGE = YES_ERROR;
				CLANG_WARN_DOCUMENTATION_COMMENTS = YES;
				CLANG_WARN_EMPTY_BODY = YES;
				CLANG_WARN_ENUM_CONVERSION = YES;
				CLANG_WARN_INFINITE_RECURSION = YES;
				CLANG_WARN_INT_CONVERSION = YES;
				CLANG_WARN_NON_LITERAL_NULL_CONVERSION = YES;
				CLANG_WARN_OBJC_LITERAL_CONVERSION = YES;
				CLANG_WARN_OBJC_ROOT_CLASS = YES_ERROR;
				CLANG_WARN_RANGE_LOOP_ANALYSIS = YES;
				CLANG_WARN_STRICT_PROTOTYPES = YES;
				CLANG_WARN_SUSPICIOUS_MOVE = YES;
				CLANG_WARN_UNGUARDED_AVAILABILITY = YES_AGGRESSIVE;
				CLANG_WARN_UNREACHABLE_CODE = YES;
				CLANG_WARN__DUPLICATE_METHOD_MATCH = YES;
				CODE_SIGN_IDENTITY = "iPhone Developer";
				COPY_PHASE_STRIP = NO;
				DEBUG_INFORMATION_FORMAT = "dwarf-with-dsym";
				ENABLE_NS_ASSERTIONS = NO;
				ENABLE_STRICT_OBJC_MSGSEND = YES;
				GCC_C_LANGUAGE_STANDARD = gnu11;
				GCC_NO_COMMON_BLOCKS = YES;
				GCC_WARN_64_TO_32_BIT_CONVERSION = YES;
				GCC_WARN_ABOUT_RETURN_TYPE = YES_ERROR;
				GCC_WARN_UNDECLARED_SELECTOR = YES;
				GCC_WARN_UNINITIALIZED_AUTOS = YES_AGGRESSIVE;
				GCC_WARN_UNUSED_FUNCTION = YES;
				GCC_WARN_UNUSED_VARIABLE = YES;
				IPHONEOS_DEPLOYMENT_TARGET = 11.1;
				MTL_ENABLE_DEBUG_INFO = NO;
				SDKROOT = iphoneos;
				VALIDATE_PRODUCT = YES;
			};
			name = Release;
		};
		9A3A9B861FBA8C5E009CF2AF /* Debug */ = {
			isa = XCBuildConfiguration;
			buildSettings = {
				ASSETCATALOG_COMPILER_APPICON_NAME = AppIcon;
				CODE_SIGN_STYLE = Automatic;
				INFOPLIST_FILE = otraTabla/Info.plist;
				LD_RUNPATH_SEARCH_PATHS = "$(inherited) @executable_path/Frameworks";
				PRODUCT_BUNDLE_IDENTIFIER = com.lybby26.otraTabla;
				PRODUCT_NAME = "$(TARGET_NAME)";
				TARGETED_DEVICE_FAMILY = "1,2";
			};
			name = Debug;
		};
		9A3A9B871FBA8C5E009CF2AF /* Release */ = {
			isa = XCBuildConfiguration;
			buildSettings = {
				ASSETCATALOG_COMPILER_APPICON_NAME = AppIcon;
				CODE_SIGN_STYLE = Automatic;
				INFOPLIST_FILE = otraTabla/Info.plist;
				LD_RUNPATH_SEARCH_PATHS = "$(inherited) @executable_path/Frameworks";
				PRODUCT_BUNDLE_IDENTIFIER = com.lybby26.otraTabla;
				PRODUCT_NAME = "$(TARGET_NAME)";
				TARGETED_DEVICE_FAMILY = "1,2";
			};
			name = Release;
		};
/* End XCBuildConfiguration section */

/* Begin XCConfigurationList section */
		9A3A9B671FBA8C5E009CF2AF /* Build configuration list for PBXProject "otraTabla" */ = {
			isa = XCConfigurationList;
			buildConfigurations = (
				9A3A9B831FBA8C5E009CF2AF /* Debug */,
				9A3A9B841FBA8C5E009CF2AF /* Release */,
			);
			defaultConfigurationIsVisible = 0;
			defaultConfigurationName = Release;
		};
		9A3A9B851FBA8C5E009CF2AF /* Build configuration list for PBXNativeTarget "otraTabla" */ = {
			isa = XCConfigurationList;
			buildConfigurations = (
				9A3A9B861FBA8C5E009CF2AF /* Debug */,
				9A3A9B871FBA8C5E009CF2AF /* Release */,
			);
			defaultConfigurationIsVisible = 0;
			defaultConfigurationName = Release;
		};
/* End XCConfigurationList section */

/* Begin XCVersionGroup section */
		9A3A9B781FBA8C5E009CF2AF /* otraTabla.xcdatamodeld */ = {
			isa = XCVersionGroup;
			children = (
				9A3A9B791FBA8C5E009CF2AF /* otraTabla.xcdatamodel */,
			);
			currentVersion = 9A3A9B791FBA8C5E009CF2AF /* otraTabla.xcdatamodel */;
			path = otraTabla.xcdatamodeld;
			sourceTree = "<group>";
			versionGroupType = wrapper.xcdatamodel;
		};
/* End XCVersionGroup section */
	};
	rootObject = 9A3A9B641FBA8C5E009CF2AF /* Project object */;
}
